
Microsoft Visual Studio Solution File, Format Version 12.00
# Visual Studio Version 16
VisualStudioVersion = 16.0.31005.135
MinimumVisualStudioVersion = 10.0.40219.1
Project("{FAE04EC0-301F-11D3-BF4B-00C04F79EFBC}") = "To-Do-App", "To-Do-App\To-Do-App.csproj", "{AF9920C4-B9EC-422C-8F12-9F58E11D4912}"
EndProject
Global
	GlobalSection(SolutionConfigurationPlatforms) = preSolution
		Debug|Any CPU = Debug|Any CPU
		Release|Any CPU = Release|Any CPU
	EndGlobalSection
	GlobalSection(ProjectConfigurationPlatforms) = postSolution
		{AF9920C4-B9EC-422C-8F12-9F58E11D4912}.Debug|Any CPU.ActiveCfg = Debug|Any CPU
		{AF9920C4-B9EC-422C-8F12-9F58E11D4912}.Debug|Any CPU.Build.0 = Debug|Any CPU
		{AF9920C4-B9EC-422C-8F12-9F58E11D4912}.Release|Any CPU.ActiveCfg = Release|Any CPU
		{AF9920C4-B9EC-422C-8F12-9F58E11D4912}.Release|Any CPU.Build.0 = Release|Any CPU
	EndGlobalSection
	GlobalSection(SolutionProperties) = preSolution
		HideSolutionNode = FALSE
	EndGlobalSection
	GlobalSection(ExtensibilityGlobals) = postSolution
		SolutionGuid = {2F04C43E-AF20-4142-AD34-FB04F2E394D0}
	EndGlobalSection
EndGlobal
